
Microsoft Visual Studio Solution File, Format Version 12.00
# Visual Studio Version 16
VisualStudioVersion = 16.0.28803.916
MinimumVisualStudioVersion = 10.0.40219.1
Project("{FAE04EC0-301F-11D3-BF4B-00C04F79EFBC}") = "Await_Exception", "Await_Exception.csproj", "{3853E609-85E6-48EA-8BE8-47F96C38E003}"
EndProject
Global
	GlobalSection(SolutionConfigurationPlatforms) = preSolution
		Debug|Any CPU = Debug|Any CPU
		Release|Any CPU = Release|Any CPU
	EndGlobalSection
	GlobalSection(ProjectConfigurationPlatforms) = postSolution
		{3853E609-85E6-48EA-8BE8-47F96C38E003}.Debug|Any CPU.ActiveCfg = Debug|Any CPU
		{3853E609-85E6-48EA-8BE8-47F96C38E003}.Debug|Any CPU.Build.0 = Debug|Any CPU
		{3853E609-85E6-48EA-8BE8-47F96C38E003}.Release|Any CPU.ActiveCfg = Release|Any CPU
		{3853E609-85E6-48EA-8BE8-47F96C38E003}.Release|Any CPU.Build.0 = Release|Any CPU
	EndGlobalSection
	GlobalSection(SolutionProperties) = preSolution
		HideSolutionNode = FALSE
	EndGlobalSection
	GlobalSection(ExtensibilityGlobals) = postSolution
		SolutionGuid = {BC37B82E-B8E8-4055-BBC2-E498736E009B}
	EndGlobalSection
EndGlobal
